
Microsoft Visual Studio Solution File, Format Version 12.00
# Visual Studio Version 17
VisualStudioVersion = 17.1.32407.343
MinimumVisualStudioVersion = 10.0.40219.1
Project("{8BC9CEB8-8B4A-11D0-8D11-00A0C91BC942}") = "LoadGenerate", "LoadGenerate.vcxproj", "{FE587DBE-59F4-43B5-ADA0-07E69780DFCC}"
EndProject
Global
	GlobalSection(SolutionConfigurationPlatforms) = preSolution
		Debug|x64 = Debug|x64
		Debug|x86 = Debug|x86
		Release|x64 = Release|x64
		Release|x86 = Release|x86
	EndGlobalSection
	GlobalSection(ProjectConfigurationPlatforms) = postSolution
		{FE587DBE-59F4-43B5-ADA0-07E69780DFCC}.Debug|x64.ActiveCfg = Debug|x64
		{FE587DBE-59F4-43B5-ADA0-07E69780DFCC}.Debug|x64.Build.0 = Debug|x64
		{FE587DBE-59F4-43B5-ADA0-07E69780DFCC}.Debug|x86.ActiveCfg = Debug|Win32
		{FE587DBE-59F4-43B5-ADA0-07E69780DFCC}.Debug|x86.Build.0 = Debug|Win32
		{FE587DBE-59F4-43B5-ADA0-07E69780DFCC}.Release|x64.ActiveCfg = Release|x64
		{FE587DBE-59F4-43B5-ADA0-07E69780DFCC}.Release|x64.Build.0 = Release|x64
		{FE587DBE-59F4-43B5-ADA0-07E69780DFCC}.Release|x86.ActiveCfg = Release|Win32
		{FE587DBE-59F4-43B5-ADA0-07E69780DFCC}.Release|x86.Build.0 = Release|Win32
	EndGlobalSection
	GlobalSection(SolutionProperties) = preSolution
		HideSolutionNode = FALSE
	EndGlobalSection
	GlobalSection(ExtensibilityGlobals) = postSolution
		SolutionGuid = {B28ECFF0-F08B-4AA2-840F-2C1DB64BB354}
	EndGlobalSection
EndGlobal
